
Microsoft Visual Studio Solution File, Format Version 12.00
# Visual Studio Version 16
VisualStudioVersion = 16.0.31729.503
MinimumVisualStudioVersion = 10.0.40219.1
Project("{FAE04EC0-301F-11D3-BF4B-00C04F79EFBC}") = "cafe", "cafe\cafe.csproj", "{DF4F5178-AD74-425F-B420-58B7EE88A247}"
EndProject
Global
	GlobalSection(SolutionConfigurationPlatforms) = preSolution
		Debug|Any CPU = Debug|Any CPU
		Release|Any CPU = Release|Any CPU
	EndGlobalSection
	GlobalSection(ProjectConfigurationPlatforms) = postSolution
		{DF4F5178-AD74-425F-B420-58B7EE88A247}.Debug|Any CPU.ActiveCfg = Debug|Any CPU
		{DF4F5178-AD74-425F-B420-58B7EE88A247}.Debug|Any CPU.Build.0 = Debug|Any CPU
		{DF4F5178-AD74-425F-B420-58B7EE88A247}.Release|Any CPU.ActiveCfg = Release|Any CPU
		{DF4F5178-AD74-425F-B420-58B7EE88A247}.Release|Any CPU.Build.0 = Release|Any CPU
	EndGlobalSection
	GlobalSection(SolutionProperties) = preSolution
		HideSolutionNode = FALSE
	EndGlobalSection
	GlobalSection(ExtensibilityGlobals) = postSolution
		SolutionGuid = {E822B8BE-561C-4F23-86C1-DD1EA14FADEC}
	EndGlobalSection
EndGlobal
